
Microsoft Visual Studio Solution File, Format Version 12.00
# Visual Studio Version 16
VisualStudioVersion = 16.0.808.8
MinimumVisualStudioVersion = 10.0.40219.1
Project("{FAE04EC0-301F-11D3-BF4B-00C04F79EFBC}") = "Triggers.Android", "Triggers.Android\Triggers.Android.csproj", "{7958DD45-440A-4A14-B8E5-85D0A6F2E029}"
EndProject
Project("{FAE04EC0-301F-11D3-BF4B-00C04F79EFBC}") = "Triggers.iOS", "Triggers.iOS\Triggers.iOS.csproj", "{B34DEF36-DB22-4B81-96F6-CF7FC7529988}"
EndProject
Project("{FAE04EC0-301F-11D3-BF4B-00C04F79EFBC}") = "Triggers", "Triggers\Triggers.csproj", "{19787BE8-703B-459F-88BC-1D9C5F4B5CE6}"
EndProject
Global
	GlobalSection(SolutionConfigurationPlatforms) = preSolution
		Debug|Any CPU = Debug|Any CPU
		Release|Any CPU = Release|Any CPU
		Debug|iPhoneSimulator = Debug|iPhoneSimulator
		Release|iPhoneSimulator = Release|iPhoneSimulator
		Debug|iPhone = Debug|iPhone
		Release|iPhone = Release|iPhone
	EndGlobalSection
	GlobalSection(ProjectConfigurationPlatforms) = postSolution
		{7958DD45-440A-4A14-B8E5-85D0A6F2E029}.Debug|Any CPU.ActiveCfg = Debug|Any CPU
		{7958DD45-440A-4A14-B8E5-85D0A6F2E029}.Debug|Any CPU.Build.0 = Debug|Any CPU
		{7958DD45-440A-4A14-B8E5-85D0A6F2E029}.Release|Any CPU.ActiveCfg = Release|Any CPU
		{7958DD45-440A-4A14-B8E5-85D0A6F2E029}.Release|Any CPU.Build.0 = Release|Any CPU
		{7958DD45-440A-4A14-B8E5-85D0A6F2E029}.Debug|iPhoneSimulator.ActiveCfg = Debug|Any CPU
		{7958DD45-440A-4A14-B8E5-85D0A6F2E029}.Debug|iPhoneSimulator.Build.0 = Debug|Any CPU
		{7958DD45-440A-4A14-B8E5-85D0A6F2E029}.Release|iPhoneSimulator.ActiveCfg = Release|Any CPU
		{7958DD45-440A-4A14-B8E5-85D0A6F2E029}.Release|iPhoneSimulator.Build.0 = Release|Any CPU
		{7958DD45-440A-4A14-B8E5-85D0A6F2E029}.Debug|iPhone.ActiveCfg = Debug|Any CPU
		{7958DD45-440A-4A14-B8E5-85D0A6F2E029}.Debug|iPhone.Build.0 = Debug|Any CPU
		{7958DD45-440A-4A14-B8E5-85D0A6F2E029}.Release|iPhone.ActiveCfg = Release|Any CPU
		{7958DD45-440A-4A14-B8E5-85D0A6F2E029}.Release|iPhone.Build.0 = Release|Any CPU
		{B34DEF36-DB22-4B81-96F6-CF7FC7529988}.Debug|Any CPU.ActiveCfg = Debug|iPhoneSimulator
		{B34DEF36-DB22-4B81-96F6-CF7FC7529988}.Debug|Any CPU.Build.0 = Debug|iPhoneSimulator
		{B34DEF36-DB22-4B81-96F6-CF7FC7529988}.Release|Any CPU.ActiveCfg = Release|iPhoneSimulator
		{B34DEF36-DB22-4B81-96F6-CF7FC7529988}.Release|Any CPU.Build.0 = Release|iPhoneSimulator
		{B34DEF36-DB22-4B81-96F6-CF7FC7529988}.Debug|iPhoneSimulator.ActiveCfg = Debug|iPhoneSimulator
		{B34DEF36-DB22-4B81-96F6-CF7FC7529988}.Debug|iPhoneSimulator.Build.0 = Debug|iPhoneSimulator
		{B34DEF36-DB22-4B81-96F6-CF7FC7529988}.Release|iPhoneSimulator.ActiveCfg = Release|iPhoneSimulator
		{B34DEF36-DB22-4B81-96F6-CF7FC7529988}.Release|iPhoneSimulator.Build.0 = Release|iPhoneSimulator
		{B34DEF36-DB22-4B81-96F6-CF7FC7529988}.Debug|iPhone.ActiveCfg = Debug|iPhone
		{B34DEF36-DB22-4B81-96F6-CF7FC7529988}.Debug|iPhone.Build.0 = Debug|iPhone
		{B34DEF36-DB22-4B81-96F6-CF7FC7529988}.Release|iPhone.ActiveCfg = Release|iPhone
		{B34DEF36-DB22-4B81-96F6-CF7FC7529988}.Release|iPhone.Build.0 = Release|iPhone
		{19787BE8-703B-459F-88BC-1D9C5F4B5CE6}.Debug|Any CPU.ActiveCfg = Debug|Any CPU
		{19787BE8-703B-459F-88BC-1D9C5F4B5CE6}.Debug|Any CPU.Build.0 = Debug|Any CPU
		{19787BE8-703B-459F-88BC-1D9C5F4B5CE6}.Release|Any CPU.ActiveCfg = Release|Any CPU
		{19787BE8-703B-459F-88BC-1D9C5F4B5CE6}.Release|Any CPU.Build.0 = Release|Any CPU
		{19787BE8-703B-459F-88BC-1D9C5F4B5CE6}.Debug|iPhoneSimulator.ActiveCfg = Debug|Any CPU
		{19787BE8-703B-459F-88BC-1D9C5F4B5CE6}.Debug|iPhoneSimulator.Build.0 = Debug|Any CPU
		{19787BE8-703B-459F-88BC-1D9C5F4B5CE6}.Release|iPhoneSimulator.ActiveCfg = Release|Any CPU
		{19787BE8-703B-459F-88BC-1D9C5F4B5CE6}.Release|iPhoneSimulator.Build.0 = Release|Any CPU
		{19787BE8-703B-459F-88BC-1D9C5F4B5CE6}.Debug|iPhone.ActiveCfg = Debug|Any CPU
		{19787BE8-703B-459F-88BC-1D9C5F4B5CE6}.Debug|iPhone.Build.0 = Debug|Any CPU
		{19787BE8-703B-459F-88BC-1D9C5F4B5CE6}.Release|iPhone.ActiveCfg = Release|Any CPU
		{19787BE8-703B-459F-88BC-1D9C5F4B5CE6}.Release|iPhone.Build.0 = Release|Any CPU
	EndGlobalSection
	GlobalSection(SolutionProperties) = preSolution
		HideSolutionNode = FALSE
	EndGlobalSection
	GlobalSection(ExtensibilityGlobals) = postSolution
		SolutionGuid = {4BBC7EC4-B3F6-4235-BB4D-1BDF0475AA3A}
	EndGlobalSection
EndGlobal
